
Microsoft Visual Studio Solution File, Format Version 11.00
# Visual Studio 2010
Project("{FAE04EC0-301F-11D3-BF4B-00C04F79EFBC}") = "ADoNothingService", "ADoNothingService\ADoNothingService.csproj", "{8287886A-3779-4BEC-8B09-AA65D1A645DE}"
EndProject
Project("{54435603-DBB4-11D2-8724-00A0C9A8B90C}") = "ADoNothingServiceInstaller", "ADoNothingServiceInstaller\ADoNothingServiceInstaller.vdproj", "{B370C04E-C9EB-4BFA-8B56-ADB858AC4254}"
EndProject
Project("{54435603-DBB4-11D2-8724-00A0C9A8B90C}") = "Setup1", "Setup1\Setup1.vdproj", "{0E1472E7-8C1A-4BA5-86CB-514990CCEB2F}"
EndProject
Global
	GlobalSection(SolutionConfigurationPlatforms) = preSolution
		Debug|x86 = Debug|x86
		Release|x86 = Release|x86
	EndGlobalSection
	GlobalSection(ProjectConfigurationPlatforms) = postSolution
		{8287886A-3779-4BEC-8B09-AA65D1A645DE}.Debug|x86.ActiveCfg = Debug|x86
		{8287886A-3779-4BEC-8B09-AA65D1A645DE}.Debug|x86.Build.0 = Debug|x86
		{8287886A-3779-4BEC-8B09-AA65D1A645DE}.Release|x86.ActiveCfg = Release|x86
		{8287886A-3779-4BEC-8B09-AA65D1A645DE}.Release|x86.Build.0 = Release|x86
		{B370C04E-C9EB-4BFA-8B56-ADB858AC4254}.Debug|x86.ActiveCfg = Debug
		{B370C04E-C9EB-4BFA-8B56-ADB858AC4254}.Release|x86.ActiveCfg = Release
		{0E1472E7-8C1A-4BA5-86CB-514990CCEB2F}.Debug|x86.ActiveCfg = Debug
		{0E1472E7-8C1A-4BA5-86CB-514990CCEB2F}.Release|x86.ActiveCfg = Release
	EndGlobalSection
	GlobalSection(SolutionProperties) = preSolution
		HideSolutionNode = FALSE
	EndGlobalSection
EndGlobal
